
Microsoft Visual Studio Solution File, Format Version 12.00
# Visual Studio Version 16
VisualStudioVersion = 16.0.30717.126
MinimumVisualStudioVersion = 10.0.40219.1
Project("{2150E333-8FDC-42A3-9474-1A3956D46DE8}") = "Presentation", "Presentation", "{BE82B38B-12FF-44A8-A389-808DBCCE3C34}"
EndProject
Project("{2150E333-8FDC-42A3-9474-1A3956D46DE8}") = "Clients", "Clients", "{D5E89422-D564-446A-B811-FC30A4ABF8FD}"
EndProject
Project("{9A19103F-16F7-4668-BE54-9A1E7A4F7556}") = "EmguComputerVision4", "Clients\EmguComputerVision4\EmguComputerVision4.csproj", "{91030592-41C6-43C1-9F32-42C31F3910F0}"
EndProject
Project("{2150E333-8FDC-42A3-9474-1A3956D46DE8}") = "Common", "Common", "{E603230B-A80F-4034-85EB-C00C101B6391}"
EndProject
Project("{9A19103F-16F7-4668-BE54-9A1E7A4F7556}") = "Common.Infrastructure", "Common\Common.Infrastructure\Common.Infrastructure.csproj", "{26E046EA-7F7C-4727-9360-288272E55533}"
EndProject
Project("{9A19103F-16F7-4668-BE54-9A1E7A4F7556}") = "Common.Domain", "Common\Common.Domain\Common.Domain.csproj", "{723F5E18-0222-4871-8AC7-93D93CFF3E1E}"
EndProject
Project("{9A19103F-16F7-4668-BE54-9A1E7A4F7556}") = "EmguComputerVision3", "Clients\EmguComputerVision3\EmguComputerVision3.csproj", "{954811CF-BAC8-4D95-808E-17949B5D03BF}"
EndProject
Project("{9A19103F-16F7-4668-BE54-9A1E7A4F7556}") = "OpenComputerVisionSharp4", "Clients\OpenComputerVisionSharp4\OpenComputerVisionSharp4.csproj", "{72C8AC17-7145-4B86-8A18-EC9973F81899}"
EndProject
Project("{9A19103F-16F7-4668-BE54-9A1E7A4F7556}") = "FaceDotNet", "Clients\FaceDotNet\FaceDotNet.csproj", "{4451A3AE-3CD5-4D0B-897C-8DE59400EEA8}"
EndProject
Project("{2150E333-8FDC-42A3-9474-1A3956D46DE8}") = "Tests", "Tests", "{AC7C1127-90F0-4AB4-9310-4C4A951A8A54}"
EndProject
Project("{9A19103F-16F7-4668-BE54-9A1E7A4F7556}") = "EmguComputerVision4.Tests", "Tests\EmguComputerVision4.Tests\EmguComputerVision4.Tests.csproj", "{BC3D3D9F-F322-42A2-95F2-7238EB3E30FD}"
EndProject
Project("{9A19103F-16F7-4668-BE54-9A1E7A4F7556}") = "FaceDotNet.Tests", "Tests\FaceDotNet.Tests\FaceDotNet.Tests.csproj", "{5D781377-40D0-4C70-852C-D390FDC0BD3E}"
EndProject
Project("{9A19103F-16F7-4668-BE54-9A1E7A4F7556}") = "OpenComputerVisionSharp4.Tests", "Tests\OpenComputerVisionSharp4.Tests\OpenComputerVisionSharp4.Tests.csproj", "{EE86C2EE-E7EA-4FB4-A2F0-D80FFFFDEF8A}"
EndProject
Project("{FAE04EC0-301F-11D3-BF4B-00C04F79EFBC}") = "EmguComputerVision3.Tests", "Tests\EmguComputerVision3.Tests\EmguComputerVision3.Tests.csproj", "{88C28CCE-6E2E-4008-8BF3-1AA7D9D22207}"
EndProject
Project("{FAE04EC0-301F-11D3-BF4B-00C04F79EFBC}") = "FaceRecognition.SampleUi", "Presentation\FaceRecognition.SampleUi\FaceRecognition.SampleUi.csproj", "{2BD29383-9A9C-4FE7-82AD-20D877D12EDE}"
EndProject
Project("{2150E333-8FDC-42A3-9474-1A3956D46DE8}") = "Solution Items", "Solution Items", "{23C10BCC-019D-41AB-99AC-995788C722F2}"
	ProjectSection(SolutionItems) = preProject
		readme.md = readme.md
	EndProjectSection
EndProject
Global
	GlobalSection(SolutionConfigurationPlatforms) = preSolution
		Debug|Any CPU = Debug|Any CPU
		Debug|x64 = Debug|x64
		Release|Any CPU = Release|Any CPU
		Release|x64 = Release|x64
	EndGlobalSection
	GlobalSection(ProjectConfigurationPlatforms) = postSolution
		{91030592-41C6-43C1-9F32-42C31F3910F0}.Debug|Any CPU.ActiveCfg = Debug|Any CPU
		{91030592-41C6-43C1-9F32-42C31F3910F0}.Debug|Any CPU.Build.0 = Debug|Any CPU
		{91030592-41C6-43C1-9F32-42C31F3910F0}.Debug|x64.ActiveCfg = Debug|Any CPU
		{91030592-41C6-43C1-9F32-42C31F3910F0}.Debug|x64.Build.0 = Debug|Any CPU
		{91030592-41C6-43C1-9F32-42C31F3910F0}.Release|Any CPU.ActiveCfg = Release|Any CPU
		{91030592-41C6-43C1-9F32-42C31F3910F0}.Release|Any CPU.Build.0 = Release|Any CPU
		{91030592-41C6-43C1-9F32-42C31F3910F0}.Release|x64.ActiveCfg = Release|Any CPU
		{91030592-41C6-43C1-9F32-42C31F3910F0}.Release|x64.Build.0 = Release|Any CPU
		{26E046EA-7F7C-4727-9360-288272E55533}.Debug|Any CPU.ActiveCfg = Debug|Any CPU
		{26E046EA-7F7C-4727-9360-288272E55533}.Debug|Any CPU.Build.0 = Debug|Any CPU
		{26E046EA-7F7C-4727-9360-288272E55533}.Debug|x64.ActiveCfg = Debug|Any CPU
		{26E046EA-7F7C-4727-9360-288272E55533}.Debug|x64.Build.0 = Debug|Any CPU
		{26E046EA-7F7C-4727-9360-288272E55533}.Release|Any CPU.ActiveCfg = Release|Any CPU
		{26E046EA-7F7C-4727-9360-288272E55533}.Release|Any CPU.Build.0 = Release|Any CPU
		{26E046EA-7F7C-4727-9360-288272E55533}.Release|x64.ActiveCfg = Release|Any CPU
		{26E046EA-7F7C-4727-9360-288272E55533}.Release|x64.Build.0 = Release|Any CPU
		{723F5E18-0222-4871-8AC7-93D93CFF3E1E}.Debug|Any CPU.ActiveCfg = Debug|Any CPU
		{723F5E18-0222-4871-8AC7-93D93CFF3E1E}.Debug|Any CPU.Build.0 = Debug|Any CPU
		{723F5E18-0222-4871-8AC7-93D93CFF3E1E}.Debug|x64.ActiveCfg = Debug|Any CPU
		{723F5E18-0222-4871-8AC7-93D93CFF3E1E}.Debug|x64.Build.0 = Debug|Any CPU
		{723F5E18-0222-4871-8AC7-93D93CFF3E1E}.Release|Any CPU.ActiveCfg = Release|Any CPU
		{723F5E18-0222-4871-8AC7-93D93CFF3E1E}.Release|Any CPU.Build.0 = Release|Any CPU
		{723F5E18-0222-4871-8AC7-93D93CFF3E1E}.Release|x64.ActiveCfg = Release|Any CPU
		{723F5E18-0222-4871-8AC7-93D93CFF3E1E}.Release|x64.Build.0 = Release|Any CPU
		{954811CF-BAC8-4D95-808E-17949B5D03BF}.Debug|Any CPU.ActiveCfg = Debug|Any CPU
		{954811CF-BAC8-4D95-808E-17949B5D03BF}.Debug|Any CPU.Build.0 = Debug|Any CPU
		{954811CF-BAC8-4D95-808E-17949B5D03BF}.Debug|x64.ActiveCfg = Debug|x64
		{954811CF-BAC8-4D95-808E-17949B5D03BF}.Debug|x64.Build.0 = Debug|x64
		{954811CF-BAC8-4D95-808E-17949B5D03BF}.Release|Any CPU.ActiveCfg = Release|Any CPU
		{954811CF-BAC8-4D95-808E-17949B5D03BF}.Release|Any CPU.Build.0 = Release|Any CPU
		{954811CF-BAC8-4D95-808E-17949B5D03BF}.Release|x64.ActiveCfg = Release|Any CPU
		{954811CF-BAC8-4D95-808E-17949B5D03BF}.Release|x64.Build.0 = Release|Any CPU
		{72C8AC17-7145-4B86-8A18-EC9973F81899}.Debug|Any CPU.ActiveCfg = Debug|Any CPU
		{72C8AC17-7145-4B86-8A18-EC9973F81899}.Debug|Any CPU.Build.0 = Debug|Any CPU
		{72C8AC17-7145-4B86-8A18-EC9973F81899}.Debug|x64.ActiveCfg = Debug|Any CPU
		{72C8AC17-7145-4B86-8A18-EC9973F81899}.Debug|x64.Build.0 = Debug|Any CPU
		{72C8AC17-7145-4B86-8A18-EC9973F81899}.Release|Any CPU.ActiveCfg = Release|Any CPU
		{72C8AC17-7145-4B86-8A18-EC9973F81899}.Release|Any CPU.Build.0 = Release|Any CPU
		{72C8AC17-7145-4B86-8A18-EC9973F81899}.Release|x64.ActiveCfg = Release|Any CPU
		{72C8AC17-7145-4B86-8A18-EC9973F81899}.Release|x64.Build.0 = Release|Any CPU
		{4451A3AE-3CD5-4D0B-897C-8DE59400EEA8}.Debug|Any CPU.ActiveCfg = Debug|Any CPU
		{4451A3AE-3CD5-4D0B-897C-8DE59400EEA8}.Debug|Any CPU.Build.0 = Debug|Any CPU
		{4451A3AE-3CD5-4D0B-897C-8DE59400EEA8}.Debug|x64.ActiveCfg = Debug|x64
		{4451A3AE-3CD5-4D0B-897C-8DE59400EEA8}.Debug|x64.Build.0 = Debug|x64
		{4451A3AE-3CD5-4D0B-897C-8DE59400EEA8}.Release|Any CPU.ActiveCfg = Release|Any CPU
		{4451A3AE-3CD5-4D0B-897C-8DE59400EEA8}.Release|Any CPU.Build.0 = Release|Any CPU
		{4451A3AE-3CD5-4D0B-897C-8DE59400EEA8}.Release|x64.ActiveCfg = Release|Any CPU
		{4451A3AE-3CD5-4D0B-897C-8DE59400EEA8}.Release|x64.Build.0 = Release|Any CPU
		{BC3D3D9F-F322-42A2-95F2-7238EB3E30FD}.Debug|Any CPU.ActiveCfg = Debug|Any CPU
		{BC3D3D9F-F322-42A2-95F2-7238EB3E30FD}.Debug|Any CPU.Build.0 = Debug|Any CPU
		{BC3D3D9F-F322-42A2-95F2-7238EB3E30FD}.Debug|x64.ActiveCfg = Debug|x64
		{BC3D3D9F-F322-42A2-95F2-7238EB3E30FD}.Debug|x64.Build.0 = Debug|x64
		{BC3D3D9F-F322-42A2-95F2-7238EB3E30FD}.Release|Any CPU.ActiveCfg = Release|Any CPU
		{BC3D3D9F-F322-42A2-95F2-7238EB3E30FD}.Release|Any CPU.Build.0 = Release|Any CPU
		{BC3D3D9F-F322-42A2-95F2-7238EB3E30FD}.Release|x64.ActiveCfg = Release|Any CPU
		{BC3D3D9F-F322-42A2-95F2-7238EB3E30FD}.Release|x64.Build.0 = Release|Any CPU
		{5D781377-40D0-4C70-852C-D390FDC0BD3E}.Debug|Any CPU.ActiveCfg = Debug|Any CPU
		{5D781377-40D0-4C70-852C-D390FDC0BD3E}.Debug|Any CPU.Build.0 = Debug|Any CPU
		{5D781377-40D0-4C70-852C-D390FDC0BD3E}.Debug|x64.ActiveCfg = Debug|Any CPU
		{5D781377-40D0-4C70-852C-D390FDC0BD3E}.Debug|x64.Build.0 = Debug|Any CPU
		{5D781377-40D0-4C70-852C-D390FDC0BD3E}.Release|Any CPU.ActiveCfg = Release|Any CPU
		{5D781377-40D0-4C70-852C-D390FDC0BD3E}.Release|Any CPU.Build.0 = Release|Any CPU
		{5D781377-40D0-4C70-852C-D390FDC0BD3E}.Release|x64.ActiveCfg = Release|Any CPU
		{5D781377-40D0-4C70-852C-D390FDC0BD3E}.Release|x64.Build.0 = Release|Any CPU
		{EE86C2EE-E7EA-4FB4-A2F0-D80FFFFDEF8A}.Debug|Any CPU.ActiveCfg = Debug|Any CPU
		{EE86C2EE-E7EA-4FB4-A2F0-D80FFFFDEF8A}.Debug|Any CPU.Build.0 = Debug|Any CPU
		{EE86C2EE-E7EA-4FB4-A2F0-D80FFFFDEF8A}.Debug|x64.ActiveCfg = Debug|Any CPU
		{EE86C2EE-E7EA-4FB4-A2F0-D80FFFFDEF8A}.Debug|x64.Build.0 = Debug|Any CPU
		{EE86C2EE-E7EA-4FB4-A2F0-D80FFFFDEF8A}.Release|Any CPU.ActiveCfg = Release|Any CPU
		{EE86C2EE-E7EA-4FB4-A2F0-D80FFFFDEF8A}.Release|Any CPU.Build.0 = Release|Any CPU
		{EE86C2EE-E7EA-4FB4-A2F0-D80FFFFDEF8A}.Release|x64.ActiveCfg = Release|Any CPU
		{EE86C2EE-E7EA-4FB4-A2F0-D80FFFFDEF8A}.Release|x64.Build.0 = Release|Any CPU
		{88C28CCE-6E2E-4008-8BF3-1AA7D9D22207}.Debug|Any CPU.ActiveCfg = Debug|Any CPU
		{88C28CCE-6E2E-4008-8BF3-1AA7D9D22207}.Debug|Any CPU.Build.0 = Debug|Any CPU
		{88C28CCE-6E2E-4008-8BF3-1AA7D9D22207}.Debug|x64.ActiveCfg = Debug|x64
		{88C28CCE-6E2E-4008-8BF3-1AA7D9D22207}.Debug|x64.Build.0 = Debug|x64
		{88C28CCE-6E2E-4008-8BF3-1AA7D9D22207}.Release|Any CPU.ActiveCfg = Release|Any CPU
		{88C28CCE-6E2E-4008-8BF3-1AA7D9D22207}.Release|Any CPU.Build.0 = Release|Any CPU
		{88C28CCE-6E2E-4008-8BF3-1AA7D9D22207}.Release|x64.ActiveCfg = Release|Any CPU
		{88C28CCE-6E2E-4008-8BF3-1AA7D9D22207}.Release|x64.Build.0 = Release|Any CPU
		{2BD29383-9A9C-4FE7-82AD-20D877D12EDE}.Debug|Any CPU.ActiveCfg = Debug|Any CPU
		{2BD29383-9A9C-4FE7-82AD-20D877D12EDE}.Debug|Any CPU.Build.0 = Debug|Any CPU
		{2BD29383-9A9C-4FE7-82AD-20D877D12EDE}.Debug|x64.ActiveCfg = Debug|x64
		{2BD29383-9A9C-4FE7-82AD-20D877D12EDE}.Debug|x64.Build.0 = Debug|x64
		{2BD29383-9A9C-4FE7-82AD-20D877D12EDE}.Release|Any CPU.ActiveCfg = Release|Any CPU
		{2BD29383-9A9C-4FE7-82AD-20D877D12EDE}.Release|Any CPU.Build.0 = Release|Any CPU
		{2BD29383-9A9C-4FE7-82AD-20D877D12EDE}.Release|x64.ActiveCfg = Release|Any CPU
		{2BD29383-9A9C-4FE7-82AD-20D877D12EDE}.Release|x64.Build.0 = Release|Any CPU
	EndGlobalSection
	GlobalSection(SolutionProperties) = preSolution
		HideSolutionNode = FALSE
	EndGlobalSection
	GlobalSection(NestedProjects) = preSolution
		{91030592-41C6-43C1-9F32-42C31F3910F0} = {D5E89422-D564-446A-B811-FC30A4ABF8FD}
		{26E046EA-7F7C-4727-9360-288272E55533} = {E603230B-A80F-4034-85EB-C00C101B6391}
		{723F5E18-0222-4871-8AC7-93D93CFF3E1E} = {E603230B-A80F-4034-85EB-C00C101B6391}
		{954811CF-BAC8-4D95-808E-17949B5D03BF} = {D5E89422-D564-446A-B811-FC30A4ABF8FD}
		{72C8AC17-7145-4B86-8A18-EC9973F81899} = {D5E89422-D564-446A-B811-FC30A4ABF8FD}
		{4451A3AE-3CD5-4D0B-897C-8DE59400EEA8} = {D5E89422-D564-446A-B811-FC30A4ABF8FD}
		{BC3D3D9F-F322-42A2-95F2-7238EB3E30FD} = {AC7C1127-90F0-4AB4-9310-4C4A951A8A54}
		{5D781377-40D0-4C70-852C-D390FDC0BD3E} = {AC7C1127-90F0-4AB4-9310-4C4A951A8A54}
		{EE86C2EE-E7EA-4FB4-A2F0-D80FFFFDEF8A} = {AC7C1127-90F0-4AB4-9310-4C4A951A8A54}
		{88C28CCE-6E2E-4008-8BF3-1AA7D9D22207} = {AC7C1127-90F0-4AB4-9310-4C4A951A8A54}
		{2BD29383-9A9C-4FE7-82AD-20D877D12EDE} = {BE82B38B-12FF-44A8-A389-808DBCCE3C34}
	EndGlobalSection
	GlobalSection(ExtensibilityGlobals) = postSolution
		SolutionGuid = {FD4EF9CD-3786-4D46-A2D9-510EC120628B}
	EndGlobalSection
EndGlobal
